
Microsoft Visual Studio Solution File, Format Version 12.00
# Visual Studio 15
Project("{FAE04EC0-301F-11D3-BF4B-00C04F79EFBC}") = "Assembly-CSharp", "Assembly-CSharp.csproj", "{ACE94AE0-A441-100C-2F8A-A6A5A0AEB2B7}"
EndProject
Project("{FAE04EC0-301F-11D3-BF4B-00C04F79EFBC}") = "Assembly-CSharp-firstpass", "Assembly-CSharp-firstpass.csproj", "{8E882F0B-09D4-7E1F-C5E5-8FD1908065F4}"
EndProject
Project("{FAE04EC0-301F-11D3-BF4B-00C04F79EFBC}") = "Assembly-CSharp-Editor-firstpass", "Assembly-CSharp-Editor-firstpass.csproj", "{9748C724-C111-BE36-DB1A-FD1C295FCED0}"
EndProject
Project("{FAE04EC0-301F-11D3-BF4B-00C04F79EFBC}") = "Assembly-CSharp-Editor", "Assembly-CSharp-Editor.csproj", "{5B307371-FF4A-3506-DB5A-423B39712EB2}"
EndProject
Project("{FAE04EC0-301F-11D3-BF4B-00C04F79EFBC}") = "Assembly-CSharp.Player", "Assembly-CSharp.Player.csproj", "{37CDCF3F-0389-B63F-5625-A1C74B87B5B7}"
EndProject
Project("{FAE04EC0-301F-11D3-BF4B-00C04F79EFBC}") = "Assembly-CSharp-firstpass.Player", "Assembly-CSharp-firstpass.Player.csproj", "{CBDB8A53-BE14-57EC-E991-2E1B0F1FC92D}"
EndProject
Global
	GlobalSection(SolutionConfigurationPlatforms) = preSolution
		Debug|Any CPU = Debug|Any CPU
		Release|Any CPU = Release|Any CPU
	EndGlobalSection
	GlobalSection(ProjectConfigurationPlatforms) = postSolution
		{ACE94AE0-A441-100C-2F8A-A6A5A0AEB2B7}.Debug|Any CPU.ActiveCfg = Debug|Any CPU
		{ACE94AE0-A441-100C-2F8A-A6A5A0AEB2B7}.Debug|Any CPU.Build.0 = Debug|Any CPU
		{ACE94AE0-A441-100C-2F8A-A6A5A0AEB2B7}.Release|Any CPU.ActiveCfg = Release|Any CPU
		{ACE94AE0-A441-100C-2F8A-A6A5A0AEB2B7}.Release|Any CPU.Build.0 = Release|Any CPU
		{8E882F0B-09D4-7E1F-C5E5-8FD1908065F4}.Debug|Any CPU.ActiveCfg = Debug|Any CPU
		{8E882F0B-09D4-7E1F-C5E5-8FD1908065F4}.Debug|Any CPU.Build.0 = Debug|Any CPU
		{8E882F0B-09D4-7E1F-C5E5-8FD1908065F4}.Release|Any CPU.ActiveCfg = Release|Any CPU
		{8E882F0B-09D4-7E1F-C5E5-8FD1908065F4}.Release|Any CPU.Build.0 = Release|Any CPU
		{9748C724-C111-BE36-DB1A-FD1C295FCED0}.Debug|Any CPU.ActiveCfg = Debug|Any CPU
		{9748C724-C111-BE36-DB1A-FD1C295FCED0}.Debug|Any CPU.Build.0 = Debug|Any CPU
		{9748C724-C111-BE36-DB1A-FD1C295FCED0}.Release|Any CPU.ActiveCfg = Release|Any CPU
		{9748C724-C111-BE36-DB1A-FD1C295FCED0}.Release|Any CPU.Build.0 = Release|Any CPU
		{5B307371-FF4A-3506-DB5A-423B39712EB2}.Debug|Any CPU.ActiveCfg = Debug|Any CPU
		{5B307371-FF4A-3506-DB5A-423B39712EB2}.Debug|Any CPU.Build.0 = Debug|Any CPU
		{5B307371-FF4A-3506-DB5A-423B39712EB2}.Release|Any CPU.ActiveCfg = Release|Any CPU
		{5B307371-FF4A-3506-DB5A-423B39712EB2}.Release|Any CPU.Build.0 = Release|Any CPU
		{37CDCF3F-0389-B63F-5625-A1C74B87B5B7}.Debug|Any CPU.ActiveCfg = Debug|Any CPU
		{37CDCF3F-0389-B63F-5625-A1C74B87B5B7}.Debug|Any CPU.Build.0 = Debug|Any CPU
		{37CDCF3F-0389-B63F-5625-A1C74B87B5B7}.Release|Any CPU.ActiveCfg = Release|Any CPU
		{37CDCF3F-0389-B63F-5625-A1C74B87B5B7}.Release|Any CPU.Build.0 = Release|Any CPU
		{CBDB8A53-BE14-57EC-E991-2E1B0F1FC92D}.Debug|Any CPU.ActiveCfg = Debug|Any CPU
		{CBDB8A53-BE14-57EC-E991-2E1B0F1FC92D}.Debug|Any CPU.Build.0 = Debug|Any CPU
		{CBDB8A53-BE14-57EC-E991-2E1B0F1FC92D}.Release|Any CPU.ActiveCfg = Release|Any CPU
		{CBDB8A53-BE14-57EC-E991-2E1B0F1FC92D}.Release|Any CPU.Build.0 = Release|Any CPU
	EndGlobalSection
	GlobalSection(SolutionProperties) = preSolution
		HideSolutionNode = FALSE
	EndGlobalSection
EndGlobal
